
Microsoft Visual Studio Solution File, Format Version 12.00
# Visual Studio Version 16
VisualStudioVersion = 16.0.30523.141
MinimumVisualStudioVersion = 10.0.40219.1
Project("{FAE04EC0-301F-11D3-BF4B-00C04F79EFBC}") = "Charpbasics", "Charpbasics\Charpbasics.csproj", "{E1F1139C-503E-48A5-A136-DBD1284C4E95}"
EndProject
Global
	GlobalSection(SolutionConfigurationPlatforms) = preSolution
		Debug|Any CPU = Debug|Any CPU
		Release|Any CPU = Release|Any CPU
	EndGlobalSection
	GlobalSection(ProjectConfigurationPlatforms) = postSolution
		{E1F1139C-503E-48A5-A136-DBD1284C4E95}.Debug|Any CPU.ActiveCfg = Debug|Any CPU
		{E1F1139C-503E-48A5-A136-DBD1284C4E95}.Debug|Any CPU.Build.0 = Debug|Any CPU
		{E1F1139C-503E-48A5-A136-DBD1284C4E95}.Release|Any CPU.ActiveCfg = Release|Any CPU
		{E1F1139C-503E-48A5-A136-DBD1284C4E95}.Release|Any CPU.Build.0 = Release|Any CPU
	EndGlobalSection
	GlobalSection(SolutionProperties) = preSolution
		HideSolutionNode = FALSE
	EndGlobalSection
	GlobalSection(ExtensibilityGlobals) = postSolution
		SolutionGuid = {BF4DB7D8-53C2-423C-83B5-10F070DEE4D4}
	EndGlobalSection
EndGlobal
